<?xml version="1.0" encoding="UTF-8"?>
<!DOCTYPE plist PUBLIC "-//Apple//DTD PLIST 1.0//EN" "http://www.apple.com/DTDs/PropertyList-1.0.dtd">
<plist version="1.0">
<dict>
	<key>archiveVersion</key>
	<string>1</string>
	<key>classes</key>
	<dict/>
	<key>objectVersion</key>
	<string>45</string>
	<key>objects</key>
	<dict>
		<key>19C28FACFE9D520D11CA2CBB</key>
		<dict>
			<key>children</key>
			<array>
				<string>1D6058910D05DD3D006BFB54</string>
			</array>
			<key>isa</key>
			<string>PBXGroup</string>
			<key>name</key>
			<string>Products</string>
			<key>sourceTree</key>
			<string>&lt;group&gt;</string>
		</dict>
		<key>1D30AB110D05D00D00671497</key>
		<dict>
			<key>isa</key>
			<string>PBXFileReference</string>
			<key>lastKnownFileType</key>
			<string>wrapper.framework</string>
			<key>name</key>
			<string>Foundation.framework</string>
			<key>path</key>
			<string>System/Library/Frameworks/Foundation.framework</string>
			<key>sourceTree</key>
			<string>SDKROOT</string>
		</dict>
		<key>1D60588D0D05DD3D006BFB54</key>
		<dict>
			<key>buildActionMask</key>
			<string>2147483647</string>
			<key>files</key>
			<array>
				<string>2860E329111B887F00E27156</string>
				<string>2860E32F111B888700E27156</string>
				<string>E7EA451C1342681200AE337C</string>
				<string>E7EA45211342681F00AE337C</string>
				<string>E7EA45261342682E00AE337C</string>
				<string>E7EA452B1342683800AE337C</string>
				<string>E7EA45351342685200AE337C</string>
				<string>E71BC20A1342794F00F7D995</string>
				<string>E71BC20F1342795A00F7D995</string>
				<string>E71BC2141342796700F7D995</string>
				<string>E71BC2191342797100F7D995</string>
				<string>E71BC21E1342797A00F7D995</string>
				<string>E7C821301343585C008F23F9</string>
				<string>E7C821311343585C008F23F9</string>
				<string>E7C821321343585C008F23F9</string>
				<string>E7C821331343585C008F23F9</string>
				<string>E7C821341343585C008F23F9</string>
				<string>E7C821351343585C008F23F9</string>
				<string>E7C821361343585C008F23F9</string>
				<string>E7C821371343585C008F23F9</string>
				<string>E7C821381343585C008F23F9</string>
				<string>E7C821391343585C008F23F9</string>
				<string>E7C8213A1343585C008F23F9</string>
				<string>E7C8213B1343585C008F23F9</string>
				<string>E7C8213C1343585C008F23F9</string>
				<string>E7C8213D1343585C008F23F9</string>
				<string>E7C8213E1343585C008F23F9</string>
				<string>E7C8213F1343585C008F23F9</string>
				<string>E7C821401343585C008F23F9</string>
				<string>E7C821411343585C008F23F9</string>
				<string>E7C821421343585C008F23F9</string>
				<string>E7C821431343585C008F23F9</string>
				<string>E7C821441343585C008F23F9</string>
				<string>E7C821451343585C008F23F9</string>
				<string>E7C821461343585C008F23F9</string>
				<string>E7C821471343585C008F23F9</string>
				<string>E7C821481343585C008F23F9</string>
				<string>E7C821491343585C008F23F9</string>
				<string>E7C8214A1343585C008F23F9</string>
				<string>E7C8214B1343585C008F23F9</string>
				<string>E7C8214C1343585C008F23F9</string>
				<string>E7C8214D1343585C008F23F9</string>
				<string>E7C8214E1343585C008F23F9</string>
				<string>E7C8214F1343585C008F23F9</string>
				<string>E7C821501343585C008F23F9</string>
				<string>E7C821511343585C008F23F9</string>
				<string>E7C821521343585C008F23F9</string>
				<string>E7C821531343585C008F23F9</string>
				<string>E7C821541343585C008F23F9</string>
				<string>E7C821551343585C008F23F9</string>
				<string>E7D071411344DECC007E97E2</string>
				<string>E7E96BD8135F12BA00BFFC7F</string>
				<string>E7E96BEA135F43BE00BFFC7F</string>
				<string>E7E96BEC135F490300BFFC7F</string>
				<string>E7E96BEE135F4A0A00BFFC7F</string>
				<string>E7E96BF0135F4BB800BFFC7F</string>
				<string>E7E96BF4135F529600BFFC7F</string>
				<string>E7E96BF5135F529600BFFC7F</string>
				<string>E7E96C0C135F552000BFFC7F</string>
				<string>E7D1CEF01374737F00BD5B1B</string>
			</array>
			<key>isa</key>
			<string>PBXResourcesBuildPhase</string>
			<key>runOnlyForDeploymentPostprocessing</key>
			<string>0</string>
		</dict>
		<key>1D60588E0D05DD3D006BFB54</key>
		<dict>
			<key>buildActionMask</key>
			<string>2147483647</string>
			<key>files</key>
			<array>
				<string>1D60589B0D05DD56006BFB54</string>
				<string>2860E328111B887F00E27156</string>
				<string>2860E32E111B888700E27156</string>
				<string>E7EA451B1342681200AE337C</string>
				<string>E7EA45201342681F00AE337C</string>
				<string>E7EA45251342682E00AE337C</string>
				<string>E7EA452A1342683800AE337C</string>
				<string>E7EA45341342685200AE337C</string>
				<string>E71BC2091342794F00F7D995</string>
				<string>E71BC20E1342795A00F7D995</string>
				<string>E71BC2131342796700F7D995</string>
				<string>E71BC2181342797100F7D995</string>
				<string>E71BC21D1342797A00F7D995</string>
				<string>E71BC2901342883700F7D995</string>
				<string>E71BC376134293F800F7D995</string>
				<string>E7B314151358573B0070A373</string>
			</array>
			<key>isa</key>
			<string>PBXSourcesBuildPhase</string>
			<key>runOnlyForDeploymentPostprocessing</key>
			<string>0</string>
		</dict>
		<key>1D60588F0D05DD3D006BFB54</key>
		<dict>
			<key>buildActionMask</key>
			<string>2147483647</string>
			<key>files</key>
			<array>
				<string>1D60589F0D05DD5A006BFB54</string>
				<string>1DF5F4E00D08C38300B7A737</string>
				<string>288765FD0DF74451002DB57D</string>
			</array>
			<key>isa</key>
			<string>PBXFrameworksBuildPhase</string>
			<key>runOnlyForDeploymentPostprocessing</key>
			<string>0</string>
		</dict>
		<key>1D6058900D05DD3D006BFB54</key>
		<dict>
			<key>buildConfigurationList</key>
			<string>1D6058960D05DD3E006BFB54</string>
			<key>buildPhases</key>
			<array>
				<string>1D60588D0D05DD3D006BFB54</string>
				<string>1D60588E0D05DD3D006BFB54</string>
				<string>1D60588F0D05DD3D006BFB54</string>
			</array>
			<key>buildRules</key>
			<array/>
			<key>dependencies</key>
			<array/>
			<key>isa</key>
			<string>PBXNativeTarget</string>
			<key>name</key>
			<string>2012 Olympics</string>
			<key>productName</key>
			<string>2012 Olympics</string>
			<key>productReference</key>
			<string>1D6058910D05DD3D006BFB54</string>
			<key>productType</key>
			<string>com.apple.product-type.application</string>
		</dict>
		<key>1D6058910D05DD3D006BFB54</key>
		<dict>
			<key>explicitFileType</key>
			<string>wrapper.application</string>
			<key>includeInIndex</key>
			<string>0</string>
			<key>isa</key>
			<string>PBXFileReference</string>
			<key>path</key>
			<string>2012 Olympics.app</string>
			<key>sourceTree</key>
			<string>BUILT_PRODUCTS_DIR</string>
		</dict>
		<key>1D6058940D05DD3E006BFB54</key>
		<dict>
			<key>buildSettings</key>
			<dict>
				<key>ALWAYS_SEARCH_USER_PATHS</key>
				<string>NO</string>
				<key>COPY_PHASE_STRIP</key>
				<string>NO</string>
				<key>GCC_DYNAMIC_NO_PIC</key>
				<string>NO</string>
				<key>GCC_OPTIMIZATION_LEVEL</key>
				<string>0</string>
				<key>GCC_PRECOMPILE_PREFIX_HEADER</key>
				<string>YES</string>
				<key>GCC_PREFIX_HEADER</key>
				<string>_012_Olympics_Prefix.pch</string>
				<key>INFOPLIST_FILE</key>
				<string>_012_Olympics-Info.plist</string>
				<key>IPHONEOS_DEPLOYMENT_TARGET</key>
				<string>3.0</string>
				<key>LIBRARY_SEARCH_PATHS</key>
				<array>
					<string>$(inherited)</string>
					<string>$(FRANK_LIBRARY_SEARCH_PATHS)</string>
				</array>
				<key>OTHER_LDFLAGS</key>
				<array>
					<string>$(inherited)</string>
					<string>$(FRANK_LDFLAGS)</string>
				</array>
				<key>PRODUCT_NAME</key>
				<string>2012 Olympics</string>
			</dict>
			<key>isa</key>
			<string>XCBuildConfiguration</string>
			<key>name</key>
			<string>Debug</string>
		</dict>
		<key>1D6058950D05DD3E006BFB54</key>
		<dict>
			<key>buildSettings</key>
			<dict>
				<key>ALWAYS_SEARCH_USER_PATHS</key>
				<string>NO</string>
				<key>COPY_PHASE_STRIP</key>
				<string>YES</string>
				<key>GCC_PRECOMPILE_PREFIX_HEADER</key>
				<string>YES</string>
				<key>GCC_PREFIX_HEADER</key>
				<string>_012_Olympics_Prefix.pch</string>
				<key>INFOPLIST_FILE</key>
				<string>_012_Olympics-Info.plist</string>
				<key>IPHONEOS_DEPLOYMENT_TARGET</key>
				<string>3.0</string>
				<key>PRODUCT_NAME</key>
				<string>2012 Olympics</string>
				<key>VALIDATE_PRODUCT</key>
				<string>YES</string>
			</dict>
			<key>isa</key>
			<string>XCBuildConfiguration</string>
			<key>name</key>
			<string>Release</string>
		</dict>
		<key>1D6058960D05DD3E006BFB54</key>
		<dict>
			<key>buildConfigurations</key>
			<array>
				<string>1D6058940D05DD3E006BFB54</string>
				<string>1D6058950D05DD3E006BFB54</string>
				<string>E7B115E9137813FF002D8E33</string>
			</array>
			<key>defaultConfigurationIsVisible</key>
			<string>0</string>
			<key>defaultConfigurationName</key>
			<string>Release</string>
			<key>isa</key>
			<string>XCConfigurationList</string>
		</dict>
		<key>1D60589B0D05DD56006BFB54</key>
		<dict>
			<key>fileRef</key>
			<string>29B97316FDCFA39411CA2CEA</string>
			<key>isa</key>
			<string>PBXBuildFile</string>
		</dict>
		<key>1D60589F0D05DD5A006BFB54</key>
		<dict>
			<key>fileRef</key>
			<string>1D30AB110D05D00D00671497</string>
			<key>isa</key>
			<string>PBXBuildFile</string>
		</dict>
		<key>1DF5F4DF0D08C38300B7A737</key>
		<dict>
			<key>isa</key>
			<string>PBXFileReference</string>
			<key>lastKnownFileType</key>
			<string>wrapper.framework</string>
			<key>name</key>
			<string>UIKit.framework</string>
			<key>path</key>
			<string>System/Library/Frameworks/UIKit.framework</string>
			<key>sourceTree</key>
			<string>SDKROOT</string>
		</dict>
		<key>1DF5F4E00D08C38300B7A737</key>
		<dict>
			<key>fileRef</key>
			<string>1DF5F4DF0D08C38300B7A737</string>
			<key>isa</key>
			<string>PBXBuildFile</string>
		</dict>
		<key>2860E324111B887F00E27156</key>
		<dict>
			<key>children</key>
			<array>
				<string>E71BC269134285A500F7D995</string>
				<string>E71BC26B134285B300F7D995</string>
				<string>E71BC26C134285CC00F7D995</string>
				<string>E71BC26D134285DA00F7D995</string>
				<string>E71BC26E134285E300F7D995</string>
				<string>2860E325111B887F00E27156</string>
				<string>2860E326111B887F00E27156</string>
				<string>2860E327111B887F00E27156</string>
			</array>
			<key>isa</key>
			<string>PBXGroup</string>
			<key>path</key>
			<string>iPhone</string>
			<key>sourceTree</key>
			<string>&lt;group&gt;</string>
		</dict>
		<key>2860E325111B887F00E27156</key>
		<dict>
			<key>fileEncoding</key>
			<string>4</string>
			<key>isa</key>
			<string>PBXFileReference</string>
			<key>lastKnownFileType</key>
			<string>sourcecode.c.h</string>
			<key>path</key>
			<string>AppDelegate_iPhone.h</string>
			<key>sourceTree</key>
			<string>&lt;group&gt;</string>
		</dict>
		<key>2860E326111B887F00E27156</key>
		<dict>
			<key>fileEncoding</key>
			<string>4</string>
			<key>isa</key>
			<string>PBXFileReference</string>
			<key>lastKnownFileType</key>
			<string>sourcecode.c.objc</string>
			<key>path</key>
			<string>AppDelegate_iPhone.m</string>
			<key>sourceTree</key>
			<string>&lt;group&gt;</string>
		</dict>
		<key>2860E327111B887F00E27156</key>
		<dict>
			<key>isa</key>
			<string>PBXFileReference</string>
			<key>lastKnownFileType</key>
			<string>file.xib</string>
			<key>path</key>
			<string>MainWindow_iPhone.xib</string>
			<key>sourceTree</key>
			<string>&lt;group&gt;</string>
		</dict>
		<key>2860E328111B887F00E27156</key>
		<dict>
			<key>fileRef</key>
			<string>2860E326111B887F00E27156</string>
			<key>isa</key>
			<string>PBXBuildFile</string>
		</dict>
		<key>2860E329111B887F00E27156</key>
		<dict>
			<key>fileRef</key>
			<string>2860E327111B887F00E27156</string>
			<key>isa</key>
			<string>PBXBuildFile</string>
		</dict>
		<key>2860E32A111B888700E27156</key>
		<dict>
			<key>children</key>
			<array>
				<string>E72A694613547718006449C0</string>
				<string>E72A694713547726006449C0</string>
				<string>E72A694813547733006449C0</string>
				<string>E72A69491354773F006449C0</string>
				<string>E72A694A13547746006449C0</string>
				<string>2860E32B111B888700E27156</string>
				<string>2860E32C111B888700E27156</string>
				<string>2860E32D111B888700E27156</string>
			</array>
			<key>isa</key>
			<string>PBXGroup</string>
			<key>path</key>
			<string>iPad</string>
			<key>sourceTree</key>
			<string>&lt;group&gt;</string>
		</dict>
		<key>2860E32B111B888700E27156</key>
		<dict>
			<key>fileEncoding</key>
			<string>4</string>
			<key>isa</key>
			<string>PBXFileReference</string>
			<key>lastKnownFileType</key>
			<string>sourcecode.c.h</string>
			<key>path</key>
			<string>AppDelegate_iPad.h</string>
			<key>sourceTree</key>
			<string>&lt;group&gt;</string>
		</dict>
		<key>2860E32C111B888700E27156</key>
		<dict>
			<key>fileEncoding</key>
			<string>4</string>
			<key>isa</key>
			<string>PBXFileReference</string>
			<key>lastKnownFileType</key>
			<string>sourcecode.c.objc</string>
			<key>path</key>
			<string>AppDelegate_iPad.m</string>
			<key>sourceTree</key>
			<string>&lt;group&gt;</string>
		</dict>
		<key>2860E32D111B888700E27156</key>
		<dict>
			<key>isa</key>
			<string>PBXFileReference</string>
			<key>lastKnownFileType</key>
			<string>file.xib</string>
			<key>path</key>
			<string>MainWindow_iPad.xib</string>
			<key>sourceTree</key>
			<string>&lt;group&gt;</string>
		</dict>
		<key>2860E32E111B888700E27156</key>
		<dict>
			<key>fileRef</key>
			<string>2860E32C111B888700E27156</string>
			<key>isa</key>
			<string>PBXBuildFile</string>
		</dict>
		<key>2860E32F111B888700E27156</key>
		<dict>
			<key>fileRef</key>
			<string>2860E32D111B888700E27156</string>
			<key>isa</key>
			<string>PBXBuildFile</string>
		</dict>
		<key>288765FC0DF74451002DB57D</key>
		<dict>
			<key>isa</key>
			<string>PBXFileReference</string>
			<key>lastKnownFileType</key>
			<string>wrapper.framework</string>
			<key>name</key>
			<string>CoreGraphics.framework</string>
			<key>path</key>
			<string>System/Library/Frameworks/CoreGraphics.framework</string>
			<key>sourceTree</key>
			<string>SDKROOT</string>
		</dict>
		<key>288765FD0DF74451002DB57D</key>
		<dict>
			<key>fileRef</key>
			<string>288765FC0DF74451002DB57D</string>
			<key>isa</key>
			<string>PBXBuildFile</string>
		</dict>
		<key>28EEBF621118D79A00187D67</key>
		<dict>
			<key>children</key>
			<array>
				<string>8D1107310486CEB800E47090</string>
			</array>
			<key>isa</key>
			<string>PBXGroup</string>
			<key>name</key>
			<string>Shared</string>
			<key>sourceTree</key>
			<string>&lt;group&gt;</string>
		</dict>
		<key>29B97313FDCFA39411CA2CEA</key>
		<dict>
			<key>buildConfigurationList</key>
			<string>C01FCF4E08A954540054247B</string>
			<key>compatibilityVersion</key>
			<string>Xcode 3.1</string>
			<key>developmentRegion</key>
			<string>English</string>
			<key>hasScannedForEncodings</key>
			<string>1</string>
			<key>isa</key>
			<string>PBXProject</string>
			<key>knownRegions</key>
			<array>
				<string>English</string>
				<string>Japanese</string>
				<string>French</string>
				<string>German</string>
			</array>
			<key>mainGroup</key>
			<string>29B97314FDCFA39411CA2CEA</string>
			<key>projectDirPath</key>
			<string></string>
			<key>projectReferences</key>
			<array/>
			<key>projectRoot</key>
			<string></string>
			<key>targets</key>
			<array>
				<string>1D6058900D05DD3D006BFB54</string>
			</array>
		</dict>
		<key>29B97314FDCFA39411CA2CEA</key>
		<dict>
			<key>children</key>
			<array>
				<string>E7D1CEEE1374734F00BD5B1B</string>
				<string>E7C821081343581E008F23F9</string>
				<string>2860E32A111B888700E27156</string>
				<string>2860E324111B887F00E27156</string>
				<string>28EEBF621118D79A00187D67</string>
				<string>29B97315FDCFA39411CA2CEA</string>
				<string>29B97323FDCFA39411CA2CEA</string>
				<string>19C28FACFE9D520D11CA2CBB</string>
			</array>
			<key>isa</key>
			<string>PBXGroup</string>
			<key>name</key>
			<string>CustomTemplate</string>
			<key>sourceTree</key>
			<string>&lt;group&gt;</string>
		</dict>
		<key>29B97315FDCFA39411CA2CEA</key>
		<dict>
			<key>children</key>
			<array>
				<string>32CA4F630368D1EE00C91783</string>
				<string>29B97316FDCFA39411CA2CEA</string>
			</array>
			<key>isa</key>
			<string>PBXGroup</string>
			<key>name</key>
			<string>Other Sources</string>
			<key>sourceTree</key>
			<string>&lt;group&gt;</string>
		</dict>
		<key>29B97316FDCFA39411CA2CEA</key>
		<dict>
			<key>fileEncoding</key>
			<string>4</string>
			<key>isa</key>
			<string>PBXFileReference</string>
			<key>lastKnownFileType</key>
			<string>sourcecode.c.objc</string>
			<key>name</key>
			<string>main.m</string>
			<key>path</key>
			<string>Shared/main.m</string>
			<key>sourceTree</key>
			<string>&lt;group&gt;</string>
		</dict>
		<key>29B97323FDCFA39411CA2CEA</key>
		<dict>
			<key>children</key>
			<array>
				<string>1DF5F4DF0D08C38300B7A737</string>
				<string>1D30AB110D05D00D00671497</string>
				<string>288765FC0DF74451002DB57D</string>
			</array>
			<key>isa</key>
			<string>PBXGroup</string>
			<key>name</key>
			<string>Frameworks</string>
			<key>sourceTree</key>
			<string>&lt;group&gt;</string>
		</dict>
		<key>32CA4F630368D1EE00C91783</key>
		<dict>
			<key>fileEncoding</key>
			<string>4</string>
			<key>isa</key>
			<string>PBXFileReference</string>
			<key>lastKnownFileType</key>
			<string>sourcecode.c.h</string>
			<key>path</key>
			<string>_012_Olympics_Prefix.pch</string>
			<key>sourceTree</key>
			<string>&lt;group&gt;</string>
		</dict>
		<key>8D1107310486CEB800E47090</key>
		<dict>
			<key>fileEncoding</key>
			<string>4</string>
			<key>isa</key>
			<string>PBXFileReference</string>
			<key>lastKnownFileType</key>
			<string>text.plist.xml</string>
			<key>path</key>
			<string>_012_Olympics-Info.plist</string>
			<key>plistStructureDefinitionIdentifier</key>
			<string>com.apple.xcode.plist.structure-definition.iphone.info-plist</string>
			<key>sourceTree</key>
			<string>&lt;group&gt;</string>
		</dict>
		<key>C01FCF4E08A954540054247B</key>
		<dict>
			<key>buildConfigurations</key>
			<array>
				<string>C01FCF4F08A954540054247B</string>
				<string>C01FCF5008A954540054247B</string>
				<string>E7B115E8137813FF002D8E33</string>
			</array>
			<key>defaultConfigurationIsVisible</key>
			<string>0</string>
			<key>defaultConfigurationName</key>
			<string>Release</string>
			<key>isa</key>
			<string>XCConfigurationList</string>
		</dict>
		<key>C01FCF4F08A954540054247B</key>
		<dict>
			<key>buildSettings</key>
			<dict>
				<key>ARCHS</key>
				<string>$(ARCHS_STANDARD_32_BIT)</string>
				<key>CODE_SIGN_IDENTITY[sdk=iphoneos*]</key>
				<string>iPhone Developer: Frahaan Hussain (PCY3ETE26U)</string>
				<key>GCC_C_LANGUAGE_STANDARD</key>
				<string>c99</string>
				<key>GCC_WARN_ABOUT_RETURN_TYPE</key>
				<string>YES</string>
				<key>GCC_WARN_UNUSED_VARIABLE</key>
				<string>YES</string>
				<key>IPHONEOS_DEPLOYMENT_TARGET</key>
				<string>3.0</string>
				<key>PREBINDING</key>
				<string>NO</string>
				<key>PROVISIONING_PROFILE[sdk=iphoneos*]</key>
				<string>48254A07-15BF-4D50-86F0-93CDFCA1556B</string>
				<key>SDKROOT</key>
				<string>iphoneos</string>
				<key>TARGETED_DEVICE_FAMILY</key>
				<string>1,2</string>
			</dict>
			<key>isa</key>
			<string>XCBuildConfiguration</string>
			<key>name</key>
			<string>Debug</string>
		</dict>
		<key>C01FCF5008A954540054247B</key>
		<dict>
			<key>buildSettings</key>
			<dict>
				<key>ARCHS</key>
				<string>$(ARCHS_STANDARD_32_BIT)</string>
				<key>CODE_SIGN_IDENTITY[sdk=iphoneos*]</key>
				<string>iPhone Developer</string>
				<key>GCC_C_LANGUAGE_STANDARD</key>
				<string>c99</string>
				<key>GCC_WARN_ABOUT_RETURN_TYPE</key>
				<string>YES</string>
				<key>GCC_WARN_UNUSED_VARIABLE</key>
				<string>YES</string>
				<key>IPHONEOS_DEPLOYMENT_TARGET</key>
				<string>3.0</string>
				<key>OTHER_CFLAGS</key>
				<string>-DNS_BLOCK_ASSERTIONS=1</string>
				<key>PREBINDING</key>
				<string>NO</string>
				<key>SDKROOT</key>
				<string>iphoneos</string>
				<key>TARGETED_DEVICE_FAMILY</key>
				<string>1,2</string>
			</dict>
			<key>isa</key>
			<string>XCBuildConfiguration</string>
			<key>name</key>
			<string>Release</string>
		</dict>
		<key>E71BC2061342794F00F7D995</key>
		<dict>
			<key>fileEncoding</key>
			<string>4</string>
			<key>isa</key>
			<string>PBXFileReference</string>
			<key>lastKnownFileType</key>
			<string>sourcecode.c.h</string>
			<key>path</key>
			<string>HomeiPad.h</string>
			<key>sourceTree</key>
			<string>&lt;group&gt;</string>
		</dict>
		<key>E71BC2071342794F00F7D995</key>
		<dict>
			<key>fileEncoding</key>
			<string>4</string>
			<key>isa</key>
			<string>PBXFileReference</string>
			<key>lastKnownFileType</key>
			<string>sourcecode.c.objc</string>
			<key>path</key>
			<string>HomeiPad.m</string>
			<key>sourceTree</key>
			<string>&lt;group&gt;</string>
		</dict>
		<key>E71BC2081342794F00F7D995</key>
		<dict>
			<key>isa</key>
			<string>PBXFileReference</string>
			<key>lastKnownFileType</key>
			<string>file.xib</string>
			<key>path</key>
			<string>HomeiPad.xib</string>
			<key>sourceTree</key>
			<string>&lt;group&gt;</string>
		</dict>
		<key>E71BC2091342794F00F7D995</key>
		<dict>
			<key>fileRef</key>
			<string>E71BC2071342794F00F7D995</string>
			<key>isa</key>
			<string>PBXBuildFile</string>
		</dict>
		<key>E71BC20A1342794F00F7D995</key>
		<dict>
			<key>fileRef</key>
			<string>E71BC2081342794F00F7D995</string>
			<key>isa</key>
			<string>PBXBuildFile</string>
		</dict>
		<key>E71BC20B1342795A00F7D995</key>
		<dict>
			<key>fileEncoding</key>
			<string>4</string>
			<key>isa</key>
			<string>PBXFileReference</string>
			<key>lastKnownFileType</key>
			<string>sourcecode.c.h</string>
			<key>path</key>
			<string>EventsiPad.h</string>
			<key>sourceTree</key>
			<string>&lt;group&gt;</string>
		</dict>
		<key>E71BC20C1342795A00F7D995</key>
		<dict>
			<key>fileEncoding</key>
			<string>4</string>
			<key>isa</key>
			<string>PBXFileReference</string>
			<key>lastKnownFileType</key>
			<string>sourcecode.c.objc</string>
			<key>path</key>
			<string>EventsiPad.m</string>
			<key>sourceTree</key>
			<string>&lt;group&gt;</string>
		</dict>
		<key>E71BC20D1342795A00F7D995</key>
		<dict>
			<key>isa</key>
			<string>PBXFileReference</string>
			<key>lastKnownFileType</key>
			<string>file.xib</string>
			<key>path</key>
			<string>EventsiPad.xib</string>
			<key>sourceTree</key>
			<string>&lt;group&gt;</string>
		</dict>
		<key>E71BC20E1342795A00F7D995</key>
		<dict>
			<key>fileRef</key>
			<string>E71BC20C1342795A00F7D995</string>
			<key>isa</key>
			<string>PBXBuildFile</string>
		</dict>
		<key>E71BC20F1342795A00F7D995</key>
		<dict>
			<key>fileRef</key>
			<string>E71BC20D1342795A00F7D995</string>
			<key>isa</key>
			<string>PBXBuildFile</string>
		</dict>
		<key>E71BC2101342796700F7D995</key>
		<dict>
			<key>fileEncoding</key>
			<string>4</string>
			<key>isa</key>
			<string>PBXFileReference</string>
			<key>lastKnownFileType</key>
			<string>sourcecode.c.h</string>
			<key>path</key>
			<string>CountDowniPad.h</string>
			<key>sourceTree</key>
			<string>&lt;group&gt;</string>
		</dict>
		<key>E71BC2111342796700F7D995</key>
		<dict>
			<key>fileEncoding</key>
			<string>4</string>
			<key>isa</key>
			<string>PBXFileReference</string>
			<key>lastKnownFileType</key>
			<string>sourcecode.c.objc</string>
			<key>path</key>
			<string>CountDowniPad.m</string>
			<key>sourceTree</key>
			<string>&lt;group&gt;</string>
		</dict>
		<key>E71BC2121342796700F7D995</key>
		<dict>
			<key>isa</key>
			<string>PBXFileReference</string>
			<key>lastKnownFileType</key>
			<string>file.xib</string>
			<key>path</key>
			<string>CountDowniPad.xib</string>
			<key>sourceTree</key>
			<string>&lt;group&gt;</string>
		</dict>
		<key>E71BC2131342796700F7D995</key>
		<dict>
			<key>fileRef</key>
			<string>E71BC2111342796700F7D995</string>
			<key>isa</key>
			<string>PBXBuildFile</string>
		</dict>
		<key>E71BC2141342796700F7D995</key>
		<dict>
			<key>fileRef</key>
			<string>E71BC2121342796700F7D995</string>
			<key>isa</key>
			<string>PBXBuildFile</string>
		</dict>
		<key>E71BC2151342797100F7D995</key>
		<dict>
			<key>fileEncoding</key>
			<string>4</string>
			<key>isa</key>
			<string>PBXFileReference</string>
			<key>lastKnownFileType</key>
			<string>sourcecode.c.h</string>
			<key>path</key>
			<string>ScheduleiPad.h</string>
			<key>sourceTree</key>
			<string>&lt;group&gt;</string>
		</dict>
		<key>E71BC2161342797100F7D995</key>
		<dict>
			<key>fileEncoding</key>
			<string>4</string>
			<key>isa</key>
			<string>PBXFileReference</string>
			<key>lastKnownFileType</key>
			<string>sourcecode.c.objc</string>
			<key>path</key>
			<string>ScheduleiPad.m</string>
			<key>sourceTree</key>
			<string>&lt;group&gt;</string>
		</dict>
		<key>E71BC2171342797100F7D995</key>
		<dict>
			<key>isa</key>
			<string>PBXFileReference</string>
			<key>lastKnownFileType</key>
			<string>file.xib</string>
			<key>path</key>
			<string>ScheduleiPad.xib</string>
			<key>sourceTree</key>
			<string>&lt;group&gt;</string>
		</dict>
		<key>E71BC2181342797100F7D995</key>
		<dict>
			<key>fileRef</key>
			<string>E71BC2161342797100F7D995</string>
			<key>isa</key>
			<string>PBXBuildFile</string>
		</dict>
		<key>E71BC2191342797100F7D995</key>
		<dict>
			<key>fileRef</key>
			<string>E71BC2171342797100F7D995</string>
			<key>isa</key>
			<string>PBXBuildFile</string>
		</dict>
		<key>E71BC21A1342797A00F7D995</key>
		<dict>
			<key>fileEncoding</key>
			<string>4</string>
			<key>isa</key>
			<string>PBXFileReference</string>
			<key>lastKnownFileType</key>
			<string>sourcecode.c.h</string>
			<key>path</key>
			<string>AnthemiPad.h</string>
			<key>sourceTree</key>
			<string>&lt;group&gt;</string>
		</dict>
		<key>E71BC21B1342797A00F7D995</key>
		<dict>
			<key>fileEncoding</key>
			<string>4</string>
			<key>isa</key>
			<string>PBXFileReference</string>
			<key>lastKnownFileType</key>
			<string>sourcecode.c.objc</string>
			<key>path</key>
			<string>AnthemiPad.m</string>
			<key>sourceTree</key>
			<string>&lt;group&gt;</string>
		</dict>
		<key>E71BC21C1342797A00F7D995</key>
		<dict>
			<key>isa</key>
			<string>PBXFileReference</string>
			<key>lastKnownFileType</key>
			<string>file.xib</string>
			<key>path</key>
			<string>AnthemiPad.xib</string>
			<key>sourceTree</key>
			<string>&lt;group&gt;</string>
		</dict>
		<key>E71BC21D1342797A00F7D995</key>
		<dict>
			<key>fileRef</key>
			<string>E71BC21B1342797A00F7D995</string>
			<key>isa</key>
			<string>PBXBuildFile</string>
		</dict>
		<key>E71BC21E1342797A00F7D995</key>
		<dict>
			<key>fileRef</key>
			<string>E71BC21C1342797A00F7D995</string>
			<key>isa</key>
			<string>PBXBuildFile</string>
		</dict>
		<key>E71BC269134285A500F7D995</key>
		<dict>
			<key>children</key>
			<array>
				<string>E7EA45181342681200AE337C</string>
				<string>E7EA45191342681200AE337C</string>
				<string>E7EA451A1342681200AE337C</string>
			</array>
			<key>isa</key>
			<string>PBXGroup</string>
			<key>name</key>
			<string>Home</string>
			<key>sourceTree</key>
			<string>&lt;group&gt;</string>
		</dict>
		<key>E71BC26B134285B300F7D995</key>
		<dict>
			<key>children</key>
			<array>
				<string>E7EA451D1342681F00AE337C</string>
				<string>E7EA451E1342681F00AE337C</string>
				<string>E7EA451F1342681F00AE337C</string>
				<string>E71BC28E1342883700F7D995</string>
				<string>E71BC28F1342883700F7D995</string>
			</array>
			<key>isa</key>
			<string>PBXGroup</string>
			<key>name</key>
			<string>Events</string>
			<key>sourceTree</key>
			<string>&lt;group&gt;</string>
		</dict>
		<key>E71BC26C134285CC00F7D995</key>
		<dict>
			<key>children</key>
			<array>
				<string>E7EA45221342682E00AE337C</string>
				<string>E7EA45231342682E00AE337C</string>
				<string>E7EA45241342682E00AE337C</string>
			</array>
			<key>isa</key>
			<string>PBXGroup</string>
			<key>name</key>
			<string>Count Down</string>
			<key>sourceTree</key>
			<string>&lt;group&gt;</string>
		</dict>
		<key>E71BC26D134285DA00F7D995</key>
		<dict>
			<key>children</key>
			<array>
				<string>E7EA45271342683800AE337C</string>
				<string>E7EA45281342683800AE337C</string>
				<string>E7EA45291342683800AE337C</string>
				<string>E71BC374134293F800F7D995</string>
				<string>E71BC375134293F800F7D995</string>
			</array>
			<key>isa</key>
			<string>PBXGroup</string>
			<key>name</key>
			<string>Schedule</string>
			<key>sourceTree</key>
			<string>&lt;group&gt;</string>
		</dict>
		<key>E71BC26E134285E300F7D995</key>
		<dict>
			<key>children</key>
			<array>
				<string>E7EA45311342685200AE337C</string>
				<string>E7EA45321342685200AE337C</string>
				<string>E7EA45331342685200AE337C</string>
			</array>
			<key>isa</key>
			<string>PBXGroup</string>
			<key>name</key>
			<string>Anthem</string>
			<key>sourceTree</key>
			<string>&lt;group&gt;</string>
		</dict>
		<key>E71BC28E1342883700F7D995</key>
		<dict>
			<key>fileEncoding</key>
			<string>4</string>
			<key>isa</key>
			<string>PBXFileReference</string>
			<key>lastKnownFileType</key>
			<string>sourcecode.c.h</string>
			<key>name</key>
			<string>Main.h</string>
			<key>path</key>
			<string>../Main.h</string>
			<key>sourceTree</key>
			<string>&lt;group&gt;</string>
		</dict>
		<key>E71BC28F1342883700F7D995</key>
		<dict>
			<key>fileEncoding</key>
			<string>4</string>
			<key>isa</key>
			<string>PBXFileReference</string>
			<key>lastKnownFileType</key>
			<string>sourcecode.c.objc</string>
			<key>name</key>
			<string>Main.m</string>
			<key>path</key>
			<string>../Main.m</string>
			<key>sourceTree</key>
			<string>&lt;group&gt;</string>
		</dict>
		<key>E71BC2901342883700F7D995</key>
		<dict>
			<key>fileRef</key>
			<string>E71BC28F1342883700F7D995</string>
			<key>isa</key>
			<string>PBXBuildFile</string>
		</dict>
		<key>E71BC374134293F800F7D995</key>
		<dict>
			<key>fileEncoding</key>
			<string>4</string>
			<key>isa</key>
			<string>PBXFileReference</string>
			<key>lastKnownFileType</key>
			<string>sourcecode.c.h</string>
			<key>name</key>
			<string>Main Schedule.h</string>
			<key>path</key>
			<string>../Main Schedule.h</string>
			<key>sourceTree</key>
			<string>&lt;group&gt;</string>
		</dict>
		<key>E71BC375134293F800F7D995</key>
		<dict>
			<key>fileEncoding</key>
			<string>4</string>
			<key>isa</key>
			<string>PBXFileReference</string>
			<key>lastKnownFileType</key>
			<string>sourcecode.c.objc</string>
			<key>name</key>
			<string>Main Schedule.m</string>
			<key>path</key>
			<string>../Main Schedule.m</string>
			<key>sourceTree</key>
			<string>&lt;group&gt;</string>
		</dict>
		<key>E71BC376134293F800F7D995</key>
		<dict>
			<key>fileRef</key>
			<string>E71BC375134293F800F7D995</string>
			<key>isa</key>
			<string>PBXBuildFile</string>
		</dict>
		<key>E72A694613547718006449C0</key>
		<dict>
			<key>children</key>
			<array>
				<string>E71BC2061342794F00F7D995</string>
				<string>E71BC2071342794F00F7D995</string>
				<string>E71BC2081342794F00F7D995</string>
			</array>
			<key>isa</key>
			<string>PBXGroup</string>
			<key>name</key>
			<string>Home</string>
			<key>sourceTree</key>
			<string>&lt;group&gt;</string>
		</dict>
		<key>E72A694713547726006449C0</key>
		<dict>
			<key>children</key>
			<array>
				<string>E71BC20B1342795A00F7D995</string>
				<string>E71BC20C1342795A00F7D995</string>
				<string>E71BC20D1342795A00F7D995</string>
				<string>E7B314141358573B0070A373</string>
				<string>E7B314131358573B0070A373</string>
			</array>
			<key>isa</key>
			<string>PBXGroup</string>
			<key>name</key>
			<string>Events</string>
			<key>sourceTree</key>
			<string>&lt;group&gt;</string>
		</dict>
		<key>E72A694813547733006449C0</key>
		<dict>
			<key>children</key>
			<array>
				<string>E71BC2101342796700F7D995</string>
				<string>E71BC2111342796700F7D995</string>
				<string>E71BC2121342796700F7D995</string>
			</array>
			<key>isa</key>
			<string>PBXGroup</string>
			<key>name</key>
			<string>Count Down</string>
			<key>sourceTree</key>
			<string>&lt;group&gt;</string>
		</dict>
		<key>E72A69491354773F006449C0</key>
		<dict>
			<key>children</key>
			<array>
				<string>E71BC2151342797100F7D995</string>
				<string>E71BC2161342797100F7D995</string>
				<string>E71BC2171342797100F7D995</string>
			</array>
			<key>isa</key>
			<string>PBXGroup</string>
			<key>name</key>
			<string>Schedule</string>
			<key>sourceTree</key>
			<string>&lt;group&gt;</string>
		</dict>
		<key>E72A694A13547746006449C0</key>
		<dict>
			<key>children</key>
			<array>
				<string>E71BC21A1342797A00F7D995</string>
				<string>E71BC21B1342797A00F7D995</string>
				<string>E71BC21C1342797A00F7D995</string>
			</array>
			<key>isa</key>
			<string>PBXGroup</string>
			<key>name</key>
			<string>Anthem</string>
			<key>sourceTree</key>
			<string>&lt;group&gt;</string>
		</dict>
		<key>E7B115E8137813FF002D8E33</key>
		<dict>
			<key>buildSettings</key>
			<dict>
				<key>ARCHS</key>
				<string>$(ARCHS_STANDARD_32_BIT)</string>
				<key>CODE_SIGN_IDENTITY[sdk=iphoneos*]</key>
				<string>iPhone Distribution: Frahaan Hussain</string>
				<key>GCC_C_LANGUAGE_STANDARD</key>
				<string>c99</string>
				<key>GCC_WARN_ABOUT_RETURN_TYPE</key>
				<string>YES</string>
				<key>GCC_WARN_UNUSED_VARIABLE</key>
				<string>YES</string>
				<key>IPHONEOS_DEPLOYMENT_TARGET</key>
				<string>3.0</string>
				<key>OTHER_CFLAGS</key>
				<string>-DNS_BLOCK_ASSERTIONS=1</string>
				<key>PREBINDING</key>
				<string>NO</string>
				<key>PROVISIONING_PROFILE[sdk=iphoneos*]</key>
				<string>34D0972B-9A17-4A36-922A-95B7942CE388</string>
				<key>SDKROOT</key>
				<string>iphoneos</string>
				<key>TARGETED_DEVICE_FAMILY</key>
				<string>1,2</string>
			</dict>
			<key>isa</key>
			<string>XCBuildConfiguration</string>
			<key>name</key>
			<string>Distribution</string>
		</dict>
		<key>E7B115E9137813FF002D8E33</key>
		<dict>
			<key>buildSettings</key>
			<dict>
				<key>ALWAYS_SEARCH_USER_PATHS</key>
				<string>NO</string>
				<key>COPY_PHASE_STRIP</key>
				<string>YES</string>
				<key>GCC_PRECOMPILE_PREFIX_HEADER</key>
				<string>YES</string>
				<key>GCC_PREFIX_HEADER</key>
				<string>_012_Olympics_Prefix.pch</string>
				<key>INFOPLIST_FILE</key>
				<string>_012_Olympics-Info.plist</string>
				<key>IPHONEOS_DEPLOYMENT_TARGET</key>
				<string>3.0</string>
				<key>PRODUCT_NAME</key>
				<string>2012 Olympics</string>
				<key>VALIDATE_PRODUCT</key>
				<string>YES</string>
			</dict>
			<key>isa</key>
			<string>XCBuildConfiguration</string>
			<key>name</key>
			<string>Distribution</string>
		</dict>
		<key>E7B314131358573B0070A373</key>
		<dict>
			<key>fileEncoding</key>
			<string>4</string>
			<key>isa</key>
			<string>PBXFileReference</string>
			<key>lastKnownFileType</key>
			<string>sourcecode.c.objc</string>
			<key>name</key>
			<string>MainiPad.m</string>
			<key>path</key>
			<string>../MainiPad.m</string>
			<key>sourceTree</key>
			<string>&lt;group&gt;</string>
		</dict>
		<key>E7B314141358573B0070A373</key>
		<dict>
			<key>fileEncoding</key>
			<string>4</string>
			<key>isa</key>
			<string>PBXFileReference</string>
			<key>lastKnownFileType</key>
			<string>sourcecode.c.h</string>
			<key>name</key>
			<string>MainiPad.h</string>
			<key>path</key>
			<string>../MainiPad.h</string>
			<key>sourceTree</key>
			<string>&lt;group&gt;</string>
		</dict>
		<key>E7B314151358573B0070A373</key>
		<dict>
			<key>fileRef</key>
			<string>E7B314131358573B0070A373</string>
			<key>isa</key>
			<string>PBXBuildFile</string>
		</dict>
		<key>E7C821081343581E008F23F9</key>
		<dict>
			<key>children</key>
			<array>
				<string>E7C8210A1343585B008F23F9</string>
				<string>E7D071401344DECB007E97E2</string>
				<string>E7C8210B1343585B008F23F9</string>
				<string>E7C8210C1343585B008F23F9</string>
				<string>E7C8210D1343585B008F23F9</string>
				<string>E7C8210E1343585B008F23F9</string>
				<string>E7C8210F1343585B008F23F9</string>
				<string>E7C821101343585B008F23F9</string>
				<string>E7C821111343585B008F23F9</string>
				<string>E7C821121343585B008F23F9</string>
				<string>E7C821131343585B008F23F9</string>
				<string>E7C821141343585B008F23F9</string>
				<string>E7C821151343585B008F23F9</string>
				<string>E7C821161343585B008F23F9</string>
				<string>E7C821171343585B008F23F9</string>
				<string>E7C821181343585B008F23F9</string>
				<string>E7C821191343585B008F23F9</string>
				<string>E7C8211A1343585B008F23F9</string>
				<string>E7C8211B1343585B008F23F9</string>
				<string>E7C8211C1343585B008F23F9</string>
				<string>E7C8211D1343585B008F23F9</string>
				<string>E7C8211E1343585B008F23F9</string>
				<string>E7C8211F1343585B008F23F9</string>
				<string>E7C821201343585B008F23F9</string>
				<string>E7C821211343585B008F23F9</string>
				<string>E7C821221343585B008F23F9</string>
				<string>E7C821231343585B008F23F9</string>
				<string>E7C821241343585B008F23F9</string>
				<string>E7C821251343585B008F23F9</string>
				<string>E7C821261343585B008F23F9</string>
				<string>E7C821271343585B008F23F9</string>
				<string>E7C821281343585C008F23F9</string>
				<string>E7C821291343585C008F23F9</string>
				<string>E7C8212A1343585C008F23F9</string>
				<string>E7C8212B1343585C008F23F9</string>
				<string>E7C8212C1343585C008F23F9</string>
				<string>E7C8212D1343585C008F23F9</string>
				<string>E7C8212E1343585C008F23F9</string>
				<string>E7C8212F1343585C008F23F9</string>
			</array>
			<key>isa</key>
			<string>PBXGroup</string>
			<key>name</key>
			<string>Pics</string>
			<key>path</key>
			<string>iPhone</string>
			<key>sourceTree</key>
			<string>&lt;group&gt;</string>
		</dict>
		<key>E7C8210A1343585B008F23F9</key>
		<dict>
			<key>isa</key>
			<string>PBXFileReference</string>
			<key>lastKnownFileType</key>
			<string>image.gif</string>
			<key>path</key>
			<string>archery.gif</string>
			<key>sourceTree</key>
			<string>&lt;group&gt;</string>
		</dict>
		<key>E7C8210B1343585B008F23F9</key>
		<dict>
			<key>isa</key>
			<string>PBXFileReference</string>
			<key>lastKnownFileType</key>
			<string>image.gif</string>
			<key>path</key>
			<string>athletics.gif</string>
			<key>sourceTree</key>
			<string>&lt;group&gt;</string>
		</dict>
		<key>E7C8210C1343585B008F23F9</key>
		<dict>
			<key>isa</key>
			<string>PBXFileReference</string>
			<key>lastKnownFileType</key>
			<string>image.gif</string>
			<key>path</key>
			<string>badminton.gif</string>
			<key>sourceTree</key>
			<string>&lt;group&gt;</string>
		</dict>
		<key>E7C8210D1343585B008F23F9</key>
		<dict>
			<key>isa</key>
			<string>PBXFileReference</string>
			<key>lastKnownFileType</key>
			<string>image.gif</string>
			<key>path</key>
			<string>basketball.gif</string>
			<key>sourceTree</key>
			<string>&lt;group&gt;</string>
		</dict>
		<key>E7C8210E1343585B008F23F9</key>
		<dict>
			<key>isa</key>
			<string>PBXFileReference</string>
			<key>lastKnownFileType</key>
			<string>image.gif</string>
			<key>path</key>
			<string>beach-volleyball.gif</string>
			<key>sourceTree</key>
			<string>&lt;group&gt;</string>
		</dict>
		<key>E7C8210F1343585B008F23F9</key>
		<dict>
			<key>isa</key>
			<string>PBXFileReference</string>
			<key>lastKnownFileType</key>
			<string>image.gif</string>
			<key>path</key>
			<string>boxing.gif</string>
			<key>sourceTree</key>
			<string>&lt;group&gt;</string>
		</dict>
		<key>E7C821101343585B008F23F9</key>
		<dict>
			<key>isa</key>
			<string>PBXFileReference</string>
			<key>lastKnownFileType</key>
			<string>image.gif</string>
			<key>path</key>
			<string>canoe-slalom.gif</string>
			<key>sourceTree</key>
			<string>&lt;group&gt;</string>
		</dict>
		<key>E7C821111343585B008F23F9</key>
		<dict>
			<key>isa</key>
			<string>PBXFileReference</string>
			<key>lastKnownFileType</key>
			<string>image.gif</string>
			<key>path</key>
			<string>canoe-sprint.gif</string>
			<key>sourceTree</key>
			<string>&lt;group&gt;</string>
		</dict>
		<key>E7C821121343585B008F23F9</key>
		<dict>
			<key>isa</key>
			<string>PBXFileReference</string>
			<key>lastKnownFileType</key>
			<string>image.gif</string>
			<key>path</key>
			<string>cycling-bmx.gif</string>
			<key>sourceTree</key>
			<string>&lt;group&gt;</string>
		</dict>
		<key>E7C821131343585B008F23F9</key>
		<dict>
			<key>isa</key>
			<string>PBXFileReference</string>
			<key>lastKnownFileType</key>
			<string>image.gif</string>
			<key>path</key>
			<string>cycling-mountain-bike.gif</string>
			<key>sourceTree</key>
			<string>&lt;group&gt;</string>
		</dict>
		<key>E7C821141343585B008F23F9</key>
		<dict>
			<key>isa</key>
			<string>PBXFileReference</string>
			<key>lastKnownFileType</key>
			<string>image.gif</string>
			<key>path</key>
			<string>cycling-road.gif</string>
			<key>sourceTree</key>
			<string>&lt;group&gt;</string>
		</dict>
		<key>E7C821151343585B008F23F9</key>
		<dict>
			<key>isa</key>
			<string>PBXFileReference</string>
			<key>lastKnownFileType</key>
			<string>image.gif</string>
			<key>path</key>
			<string>cycling-track.gif</string>
			<key>sourceTree</key>
			<string>&lt;group&gt;</string>
		</dict>
		<key>E7C821161343585B008F23F9</key>
		<dict>
			<key>isa</key>
			<string>PBXFileReference</string>
			<key>lastKnownFileType</key>
			<string>image.gif</string>
			<key>path</key>
			<string>diving.gif</string>
			<key>sourceTree</key>
			<string>&lt;group&gt;</string>
		</dict>
		<key>E7C821171343585B008F23F9</key>
		<dict>
			<key>isa</key>
			<string>PBXFileReference</string>
			<key>lastKnownFileType</key>
			<string>image.gif</string>
			<key>path</key>
			<string>equestrian-dressage.gif</string>
			<key>sourceTree</key>
			<string>&lt;group&gt;</string>
		</dict>
		<key>E7C821181343585B008F23F9</key>
		<dict>
			<key>isa</key>
			<string>PBXFileReference</string>
			<key>lastKnownFileType</key>
			<string>image.gif</string>
			<key>path</key>
			<string>equestrian-eventing.gif</string>
			<key>sourceTree</key>
			<string>&lt;group&gt;</string>
		</dict>
		<key>E7C821191343585B008F23F9</key>
		<dict>
			<key>isa</key>
			<string>PBXFileReference</string>
			<key>lastKnownFileType</key>
			<string>image.gif</string>
			<key>path</key>
			<string>equestrian-jumping.gif</string>
			<key>sourceTree</key>
			<string>&lt;group&gt;</string>
		</dict>
		<key>E7C8211A1343585B008F23F9</key>
		<dict>
			<key>isa</key>
			<string>PBXFileReference</string>
			<key>lastKnownFileType</key>
			<string>image.gif</string>
			<key>path</key>
			<string>fencing.gif</string>
			<key>sourceTree</key>
			<string>&lt;group&gt;</string>
		</dict>
		<key>E7C8211B1343585B008F23F9</key>
		<dict>
			<key>isa</key>
			<string>PBXFileReference</string>
			<key>lastKnownFileType</key>
			<string>image.gif</string>
			<key>path</key>
			<string>football.gif</string>
			<key>sourceTree</key>
			<string>&lt;group&gt;</string>
		</dict>
		<key>E7C8211C1343585B008F23F9</key>
		<dict>
			<key>isa</key>
			<string>PBXFileReference</string>
			<key>lastKnownFileType</key>
			<string>image.gif</string>
			<key>path</key>
			<string>gymnastics-artistic.gif</string>
			<key>sourceTree</key>
			<string>&lt;group&gt;</string>
		</dict>
		<key>E7C8211D1343585B008F23F9</key>
		<dict>
			<key>isa</key>
			<string>PBXFileReference</string>
			<key>lastKnownFileType</key>
			<string>image.gif</string>
			<key>path</key>
			<string>gymnastics-rhythmic.gif</string>
			<key>sourceTree</key>
			<string>&lt;group&gt;</string>
		</dict>
		<key>E7C8211E1343585B008F23F9</key>
		<dict>
			<key>isa</key>
			<string>PBXFileReference</string>
			<key>lastKnownFileType</key>
			<string>image.gif</string>
			<key>path</key>
			<string>gymnastics-trampoline.gif</string>
			<key>sourceTree</key>
			<string>&lt;group&gt;</string>
		</dict>
		<key>E7C8211F1343585B008F23F9</key>
		<dict>
			<key>isa</key>
			<string>PBXFileReference</string>
			<key>lastKnownFileType</key>
			<string>image.gif</string>
			<key>path</key>
			<string>handball.gif</string>
			<key>sourceTree</key>
			<string>&lt;group&gt;</string>
		</dict>
		<key>E7C821201343585B008F23F9</key>
		<dict>
			<key>isa</key>
			<string>PBXFileReference</string>
			<key>lastKnownFileType</key>
			<string>image.gif</string>
			<key>path</key>
			<string>hockey.gif</string>
			<key>sourceTree</key>
			<string>&lt;group&gt;</string>
		</dict>
		<key>E7C821211343585B008F23F9</key>
		<dict>
			<key>isa</key>
			<string>PBXFileReference</string>
			<key>lastKnownFileType</key>
			<string>image.gif</string>
			<key>path</key>
			<string>judo.gif</string>
			<key>sourceTree</key>
			<string>&lt;group&gt;</string>
		</dict>
		<key>E7C821221343585B008F23F9</key>
		<dict>
			<key>isa</key>
			<string>PBXFileReference</string>
			<key>lastKnownFileType</key>
			<string>image.gif</string>
			<key>path</key>
			<string>modern-pentathlon.gif</string>
			<key>sourceTree</key>
			<string>&lt;group&gt;</string>
		</dict>
		<key>E7C821231343585B008F23F9</key>
		<dict>
			<key>isa</key>
			<string>PBXFileReference</string>
			<key>lastKnownFileType</key>
			<string>image.gif</string>
			<key>path</key>
			<string>rowing.gif</string>
			<key>sourceTree</key>
			<string>&lt;group&gt;</string>
		</dict>
		<key>E7C821241343585B008F23F9</key>
		<dict>
			<key>isa</key>
			<string>PBXFileReference</string>
			<key>lastKnownFileType</key>
			<string>image.gif</string>
			<key>path</key>
			<string>sailing.gif</string>
			<key>sourceTree</key>
			<string>&lt;group&gt;</string>
		</dict>
		<key>E7C821251343585B008F23F9</key>
		<dict>
			<key>isa</key>
			<string>PBXFileReference</string>
			<key>lastKnownFileType</key>
			<string>image.gif</string>
			<key>path</key>
			<string>shooting.gif</string>
			<key>sourceTree</key>
			<string>&lt;group&gt;</string>
		</dict>
		<key>E7C821261343585B008F23F9</key>
		<dict>
			<key>isa</key>
			<string>PBXFileReference</string>
			<key>lastKnownFileType</key>
			<string>image.gif</string>
			<key>path</key>
			<string>swimming.gif</string>
			<key>sourceTree</key>
			<string>&lt;group&gt;</string>
		</dict>
		<key>E7C821271343585B008F23F9</key>
		<dict>
			<key>isa</key>
			<string>PBXFileReference</string>
			<key>lastKnownFileType</key>
			<string>image.gif</string>
			<key>path</key>
			<string>synchronised-swimming.gif</string>
			<key>sourceTree</key>
			<string>&lt;group&gt;</string>
		</dict>
		<key>E7C821281343585C008F23F9</key>
		<dict>
			<key>isa</key>
			<string>PBXFileReference</string>
			<key>lastKnownFileType</key>
			<string>image.gif</string>
			<key>path</key>
			<string>table-tennis.gif</string>
			<key>sourceTree</key>
			<string>&lt;group&gt;</string>
		</dict>
		<key>E7C821291343585C008F23F9</key>
		<dict>
			<key>isa</key>
			<string>PBXFileReference</string>
			<key>lastKnownFileType</key>
			<string>image.gif</string>
			<key>path</key>
			<string>taekwondo.gif</string>
			<key>sourceTree</key>
			<string>&lt;group&gt;</string>
		</dict>
		<key>E7C8212A1343585C008F23F9</key>
		<dict>
			<key>isa</key>
			<string>PBXFileReference</string>
			<key>lastKnownFileType</key>
			<string>image.gif</string>
			<key>path</key>
			<string>tennis.gif</string>
			<key>sourceTree</key>
			<string>&lt;group&gt;</string>
		</dict>
		<key>E7C8212B1343585C008F23F9</key>
		<dict>
			<key>isa</key>
			<string>PBXFileReference</string>
			<key>lastKnownFileType</key>
			<string>image.gif</string>
			<key>path</key>
			<string>triathlon.gif</string>
			<key>sourceTree</key>
			<string>&lt;group&gt;</string>
		</dict>
		<key>E7C8212C1343585C008F23F9</key>
		<dict>
			<key>isa</key>
			<string>PBXFileReference</string>
			<key>lastKnownFileType</key>
			<string>image.gif</string>
			<key>path</key>
			<string>volleyball.gif</string>
			<key>sourceTree</key>
			<string>&lt;group&gt;</string>
		</dict>
		<key>E7C8212D1343585C008F23F9</key>
		<dict>
			<key>isa</key>
			<string>PBXFileReference</string>
			<key>lastKnownFileType</key>
			<string>image.gif</string>
			<key>path</key>
			<string>water-polo.gif</string>
			<key>sourceTree</key>
			<string>&lt;group&gt;</string>
		</dict>
		<key>E7C8212E1343585C008F23F9</key>
		<dict>
			<key>isa</key>
			<string>PBXFileReference</string>
			<key>lastKnownFileType</key>
			<string>image.gif</string>
			<key>path</key>
			<string>weightlifting.gif</string>
			<key>sourceTree</key>
			<string>&lt;group&gt;</string>
		</dict>
		<key>E7C8212F1343585C008F23F9</key>
		<dict>
			<key>isa</key>
			<string>PBXFileReference</string>
			<key>lastKnownFileType</key>
			<string>image.gif</string>
			<key>path</key>
			<string>wrestling.gif</string>
			<key>sourceTree</key>
			<string>&lt;group&gt;</string>
		</dict>
		<key>E7C821301343585C008F23F9</key>
		<dict>
			<key>fileRef</key>
			<string>E7C8210A1343585B008F23F9</string>
			<key>isa</key>
			<string>PBXBuildFile</string>
		</dict>
		<key>E7C821311343585C008F23F9</key>
		<dict>
			<key>fileRef</key>
			<string>E7C8210B1343585B008F23F9</string>
			<key>isa</key>
			<string>PBXBuildFile</string>
		</dict>
		<key>E7C821321343585C008F23F9</key>
		<dict>
			<key>fileRef</key>
			<string>E7C8210C1343585B008F23F9</string>
			<key>isa</key>
			<string>PBXBuildFile</string>
		</dict>
		<key>E7C821331343585C008F23F9</key>
		<dict>
			<key>fileRef</key>
			<string>E7C8210D1343585B008F23F9</string>
			<key>isa</key>
			<string>PBXBuildFile</string>
		</dict>
		<key>E7C821341343585C008F23F9</key>
		<dict>
			<key>fileRef</key>
			<string>E7C8210E1343585B008F23F9</string>
			<key>isa</key>
			<string>PBXBuildFile</string>
		</dict>
		<key>E7C821351343585C008F23F9</key>
		<dict>
			<key>fileRef</key>
			<string>E7C8210F1343585B008F23F9</string>
			<key>isa</key>
			<string>PBXBuildFile</string>
		</dict>
		<key>E7C821361343585C008F23F9</key>
		<dict>
			<key>fileRef</key>
			<string>E7C821101343585B008F23F9</string>
			<key>isa</key>
			<string>PBXBuildFile</string>
		</dict>
		<key>E7C821371343585C008F23F9</key>
		<dict>
			<key>fileRef</key>
			<string>E7C821111343585B008F23F9</string>
			<key>isa</key>
			<string>PBXBuildFile</string>
		</dict>
		<key>E7C821381343585C008F23F9</key>
		<dict>
			<key>fileRef</key>
			<string>E7C821121343585B008F23F9</string>
			<key>isa</key>
			<string>PBXBuildFile</string>
		</dict>
		<key>E7C821391343585C008F23F9</key>
		<dict>
			<key>fileRef</key>
			<string>E7C821131343585B008F23F9</string>
			<key>isa</key>
			<string>PBXBuildFile</string>
		</dict>
		<key>E7C8213A1343585C008F23F9</key>
		<dict>
			<key>fileRef</key>
			<string>E7C821141343585B008F23F9</string>
			<key>isa</key>
			<string>PBXBuildFile</string>
		</dict>
		<key>E7C8213B1343585C008F23F9</key>
		<dict>
			<key>fileRef</key>
			<string>E7C821151343585B008F23F9</string>
			<key>isa</key>
			<string>PBXBuildFile</string>
		</dict>
		<key>E7C8213C1343585C008F23F9</key>
		<dict>
			<key>fileRef</key>
			<string>E7C821161343585B008F23F9</string>
			<key>isa</key>
			<string>PBXBuildFile</string>
		</dict>
		<key>E7C8213D1343585C008F23F9</key>
		<dict>
			<key>fileRef</key>
			<string>E7C821171343585B008F23F9</string>
			<key>isa</key>
			<string>PBXBuildFile</string>
		</dict>
		<key>E7C8213E1343585C008F23F9</key>
		<dict>
			<key>fileRef</key>
			<string>E7C821181343585B008F23F9</string>
			<key>isa</key>
			<string>PBXBuildFile</string>
		</dict>
		<key>E7C8213F1343585C008F23F9</key>
		<dict>
			<key>fileRef</key>
			<string>E7C821191343585B008F23F9</string>
			<key>isa</key>
			<string>PBXBuildFile</string>
		</dict>
		<key>E7C821401343585C008F23F9</key>
		<dict>
			<key>fileRef</key>
			<string>E7C8211A1343585B008F23F9</string>
			<key>isa</key>
			<string>PBXBuildFile</string>
		</dict>
		<key>E7C821411343585C008F23F9</key>
		<dict>
			<key>fileRef</key>
			<string>E7C8211B1343585B008F23F9</string>
			<key>isa</key>
			<string>PBXBuildFile</string>
		</dict>
		<key>E7C821421343585C008F23F9</key>
		<dict>
			<key>fileRef</key>
			<string>E7C8211C1343585B008F23F9</string>
			<key>isa</key>
			<string>PBXBuildFile</string>
		</dict>
		<key>E7C821431343585C008F23F9</key>
		<dict>
			<key>fileRef</key>
			<string>E7C8211D1343585B008F23F9</string>
			<key>isa</key>
			<string>PBXBuildFile</string>
		</dict>
		<key>E7C821441343585C008F23F9</key>
		<dict>
			<key>fileRef</key>
			<string>E7C8211E1343585B008F23F9</string>
			<key>isa</key>
			<string>PBXBuildFile</string>
		</dict>
		<key>E7C821451343585C008F23F9</key>
		<dict>
			<key>fileRef</key>
			<string>E7C8211F1343585B008F23F9</string>
			<key>isa</key>
			<string>PBXBuildFile</string>
		</dict>
		<key>E7C821461343585C008F23F9</key>
		<dict>
			<key>fileRef</key>
			<string>E7C821201343585B008F23F9</string>
			<key>isa</key>
			<string>PBXBuildFile</string>
		</dict>
		<key>E7C821471343585C008F23F9</key>
		<dict>
			<key>fileRef</key>
			<string>E7C821211343585B008F23F9</string>
			<key>isa</key>
			<string>PBXBuildFile</string>
		</dict>
		<key>E7C821481343585C008F23F9</key>
		<dict>
			<key>fileRef</key>
			<string>E7C821221343585B008F23F9</string>
			<key>isa</key>
			<string>PBXBuildFile</string>
		</dict>
		<key>E7C821491343585C008F23F9</key>
		<dict>
			<key>fileRef</key>
			<string>E7C821231343585B008F23F9</string>
			<key>isa</key>
			<string>PBXBuildFile</string>
		</dict>
		<key>E7C8214A1343585C008F23F9</key>
		<dict>
			<key>fileRef</key>
			<string>E7C821241343585B008F23F9</string>
			<key>isa</key>
			<string>PBXBuildFile</string>
		</dict>
		<key>E7C8214B1343585C008F23F9</key>
		<dict>
			<key>fileRef</key>
			<string>E7C821251343585B008F23F9</string>
			<key>isa</key>
			<string>PBXBuildFile</string>
		</dict>
		<key>E7C8214C1343585C008F23F9</key>
		<dict>
			<key>fileRef</key>
			<string>E7C821261343585B008F23F9</string>
			<key>isa</key>
			<string>PBXBuildFile</string>
		</dict>
		<key>E7C8214D1343585C008F23F9</key>
		<dict>
			<key>fileRef</key>
			<string>E7C821271343585B008F23F9</string>
			<key>isa</key>
			<string>PBXBuildFile</string>
		</dict>
		<key>E7C8214E1343585C008F23F9</key>
		<dict>
			<key>fileRef</key>
			<string>E7C821281343585C008F23F9</string>
			<key>isa</key>
			<string>PBXBuildFile</string>
		</dict>
		<key>E7C8214F1343585C008F23F9</key>
		<dict>
			<key>fileRef</key>
			<string>E7C821291343585C008F23F9</string>
			<key>isa</key>
			<string>PBXBuildFile</string>
		</dict>
		<key>E7C821501343585C008F23F9</key>
		<dict>
			<key>fileRef</key>
			<string>E7C8212A1343585C008F23F9</string>
			<key>isa</key>
			<string>PBXBuildFile</string>
		</dict>
		<key>E7C821511343585C008F23F9</key>
		<dict>
			<key>fileRef</key>
			<string>E7C8212B1343585C008F23F9</string>
			<key>isa</key>
			<string>PBXBuildFile</string>
		</dict>
		<key>E7C821521343585C008F23F9</key>
		<dict>
			<key>fileRef</key>
			<string>E7C8212C1343585C008F23F9</string>
			<key>isa</key>
			<string>PBXBuildFile</string>
		</dict>
		<key>E7C821531343585C008F23F9</key>
		<dict>
			<key>fileRef</key>
			<string>E7C8212D1343585C008F23F9</string>
			<key>isa</key>
			<string>PBXBuildFile</string>
		</dict>
		<key>E7C821541343585C008F23F9</key>
		<dict>
			<key>fileRef</key>
			<string>E7C8212E1343585C008F23F9</string>
			<key>isa</key>
			<string>PBXBuildFile</string>
		</dict>
		<key>E7C821551343585C008F23F9</key>
		<dict>
			<key>fileRef</key>
			<string>E7C8212F1343585C008F23F9</string>
			<key>isa</key>
			<string>PBXBuildFile</string>
		</dict>
		<key>E7D071401344DECB007E97E2</key>
		<dict>
			<key>isa</key>
			<string>PBXFileReference</string>
			<key>lastKnownFileType</key>
			<string>image.png</string>
			<key>path</key>
			<string>logo-pink.png</string>
			<key>sourceTree</key>
			<string>&lt;group&gt;</string>
		</dict>
		<key>E7D071411344DECC007E97E2</key>
		<dict>
			<key>fileRef</key>
			<string>E7D071401344DECB007E97E2</string>
			<key>isa</key>
			<string>PBXBuildFile</string>
		</dict>
		<key>E7D1CEEE1374734F00BD5B1B</key>
		<dict>
			<key>children</key>
			<array>
				<string>E7D1CEEF1374737F00BD5B1B</string>
				<string>E7E96C0B135F552000BFFC7F</string>
				<string>E7E96BF2135F529600BFFC7F</string>
				<string>E7E96BF3135F529600BFFC7F</string>
				<string>E7E96BEF135F4BB800BFFC7F</string>
				<string>E7E96BED135F4A0A00BFFC7F</string>
				<string>E7E96BEB135F490300BFFC7F</string>
				<string>E7E96BE9135F43BE00BFFC7F</string>
				<string>E7E96BD7135F12BA00BFFC7F</string>
			</array>
			<key>isa</key>
			<string>PBXGroup</string>
			<key>name</key>
			<string>Icons</string>
			<key>sourceTree</key>
			<string>&lt;group&gt;</string>
		</dict>
		<key>E7D1CEEF1374737F00BD5B1B</key>
		<dict>
			<key>isa</key>
			<string>PBXFileReference</string>
			<key>lastKnownFileType</key>
			<string>image.png</string>
			<key>path</key>
			<string>Icon114x114.png</string>
			<key>sourceTree</key>
			<string>&lt;group&gt;</string>
		</dict>
		<key>E7D1CEF01374737F00BD5B1B</key>
		<dict>
			<key>fileRef</key>
			<string>E7D1CEEF1374737F00BD5B1B</string>
			<key>isa</key>
			<string>PBXBuildFile</string>
		</dict>
		<key>E7E96BD7135F12BA00BFFC7F</key>
		<dict>
			<key>isa</key>
			<string>PBXFileReference</string>
			<key>lastKnownFileType</key>
			<string>image.png</string>
			<key>path</key>
			<string>hometabicon.png</string>
			<key>sourceTree</key>
			<string>&lt;group&gt;</string>
		</dict>
		<key>E7E96BD8135F12BA00BFFC7F</key>
		<dict>
			<key>fileRef</key>
			<string>E7E96BD7135F12BA00BFFC7F</string>
			<key>isa</key>
			<string>PBXBuildFile</string>
		</dict>
		<key>E7E96BE9135F43BE00BFFC7F</key>
		<dict>
			<key>isa</key>
			<string>PBXFileReference</string>
			<key>lastKnownFileType</key>
			<string>image.png</string>
			<key>path</key>
			<string>anthomtabicon.png</string>
			<key>sourceTree</key>
			<string>&lt;group&gt;</string>
		</dict>
		<key>E7E96BEA135F43BE00BFFC7F</key>
		<dict>
			<key>fileRef</key>
			<string>E7E96BE9135F43BE00BFFC7F</string>
			<key>isa</key>
			<string>PBXBuildFile</string>
		</dict>
		<key>E7E96BEB135F490300BFFC7F</key>
		<dict>
			<key>isa</key>
			<string>PBXFileReference</string>
			<key>lastKnownFileType</key>
			<string>image.png</string>
			<key>path</key>
			<string>countdowntabicon.png</string>
			<key>sourceTree</key>
			<string>&lt;group&gt;</string>
		</dict>
		<key>E7E96BEC135F490300BFFC7F</key>
		<dict>
			<key>fileRef</key>
			<string>E7E96BEB135F490300BFFC7F</string>
			<key>isa</key>
			<string>PBXBuildFile</string>
		</dict>
		<key>E7E96BED135F4A0A00BFFC7F</key>
		<dict>
			<key>isa</key>
			<string>PBXFileReference</string>
			<key>lastKnownFileType</key>
			<string>image.png</string>
			<key>path</key>
			<string>eventstabicon.png</string>
			<key>sourceTree</key>
			<string>&lt;group&gt;</string>
		</dict>
		<key>E7E96BEE135F4A0A00BFFC7F</key>
		<dict>
			<key>fileRef</key>
			<string>E7E96BED135F4A0A00BFFC7F</string>
			<key>isa</key>
			<string>PBXBuildFile</string>
		</dict>
		<key>E7E96BEF135F4BB800BFFC7F</key>
		<dict>
			<key>isa</key>
			<string>PBXFileReference</string>
			<key>lastKnownFileType</key>
			<string>image.png</string>
			<key>path</key>
			<string>scheduletabicon.png</string>
			<key>sourceTree</key>
			<string>&lt;group&gt;</string>
		</dict>
		<key>E7E96BF0135F4BB800BFFC7F</key>
		<dict>
			<key>fileRef</key>
			<string>E7E96BEF135F4BB800BFFC7F</string>
			<key>isa</key>
			<string>PBXBuildFile</string>
		</dict>
		<key>E7E96BF2135F529600BFFC7F</key>
		<dict>
			<key>isa</key>
			<string>PBXFileReference</string>
			<key>lastKnownFileType</key>
			<string>image.png</string>
			<key>path</key>
			<string>Icon.png</string>
			<key>sourceTree</key>
			<string>&lt;group&gt;</string>
		</dict>
		<key>E7E96BF3135F529600BFFC7F</key>
		<dict>
			<key>isa</key>
			<string>PBXFileReference</string>
			<key>lastKnownFileType</key>
			<string>image.png</string>
			<key>path</key>
			<string>IconiPad.png</string>
			<key>sourceTree</key>
			<string>&lt;group&gt;</string>
		</dict>
		<key>E7E96BF4135F529600BFFC7F</key>
		<dict>
			<key>fileRef</key>
			<string>E7E96BF2135F529600BFFC7F</string>
			<key>isa</key>
			<string>PBXBuildFile</string>
		</dict>
		<key>E7E96BF5135F529600BFFC7F</key>
		<dict>
			<key>fileRef</key>
			<string>E7E96BF3135F529600BFFC7F</string>
			<key>isa</key>
			<string>PBXBuildFile</string>
		</dict>
		<key>E7E96C0B135F552000BFFC7F</key>
		<dict>
			<key>isa</key>
			<string>PBXFileReference</string>
			<key>lastKnownFileType</key>
			<string>image.png</string>
			<key>path</key>
			<string>Icon512x512.png</string>
			<key>sourceTree</key>
			<string>&lt;group&gt;</string>
		</dict>
		<key>E7E96C0C135F552000BFFC7F</key>
		<dict>
			<key>fileRef</key>
			<string>E7E96C0B135F552000BFFC7F</string>
			<key>isa</key>
			<string>PBXBuildFile</string>
		</dict>
		<key>E7EA45181342681200AE337C</key>
		<dict>
			<key>fileEncoding</key>
			<string>4</string>
			<key>isa</key>
			<string>PBXFileReference</string>
			<key>lastKnownFileType</key>
			<string>sourcecode.c.h</string>
			<key>path</key>
			<string>Home.h</string>
			<key>sourceTree</key>
			<string>&lt;group&gt;</string>
		</dict>
		<key>E7EA45191342681200AE337C</key>
		<dict>
			<key>fileEncoding</key>
			<string>4</string>
			<key>isa</key>
			<string>PBXFileReference</string>
			<key>lastKnownFileType</key>
			<string>sourcecode.c.objc</string>
			<key>path</key>
			<string>Home.m</string>
			<key>sourceTree</key>
			<string>&lt;group&gt;</string>
		</dict>
		<key>E7EA451A1342681200AE337C</key>
		<dict>
			<key>isa</key>
			<string>PBXFileReference</string>
			<key>lastKnownFileType</key>
			<string>file.xib</string>
			<key>path</key>
			<string>Home.xib</string>
			<key>sourceTree</key>
			<string>&lt;group&gt;</string>
		</dict>
		<key>E7EA451B1342681200AE337C</key>
		<dict>
			<key>fileRef</key>
			<string>E7EA45191342681200AE337C</string>
			<key>isa</key>
			<string>PBXBuildFile</string>
		</dict>
		<key>E7EA451C1342681200AE337C</key>
		<dict>
			<key>fileRef</key>
			<string>E7EA451A1342681200AE337C</string>
			<key>isa</key>
			<string>PBXBuildFile</string>
		</dict>
		<key>E7EA451D1342681F00AE337C</key>
		<dict>
			<key>fileEncoding</key>
			<string>4</string>
			<key>isa</key>
			<string>PBXFileReference</string>
			<key>lastKnownFileType</key>
			<string>sourcecode.c.h</string>
			<key>path</key>
			<string>Events.h</string>
			<key>sourceTree</key>
			<string>&lt;group&gt;</string>
		</dict>
		<key>E7EA451E1342681F00AE337C</key>
		<dict>
			<key>fileEncoding</key>
			<string>4</string>
			<key>isa</key>
			<string>PBXFileReference</string>
			<key>lastKnownFileType</key>
			<string>sourcecode.c.objc</string>
			<key>path</key>
			<string>Events.m</string>
			<key>sourceTree</key>
			<string>&lt;group&gt;</string>
		</dict>
		<key>E7EA451F1342681F00AE337C</key>
		<dict>
			<key>isa</key>
			<string>PBXFileReference</string>
			<key>lastKnownFileType</key>
			<string>file.xib</string>
			<key>path</key>
			<string>Events.xib</string>
			<key>sourceTree</key>
			<string>&lt;group&gt;</string>
		</dict>
		<key>E7EA45201342681F00AE337C</key>
		<dict>
			<key>fileRef</key>
			<string>E7EA451E1342681F00AE337C</string>
			<key>isa</key>
			<string>PBXBuildFile</string>
		</dict>
		<key>E7EA45211342681F00AE337C</key>
		<dict>
			<key>fileRef</key>
			<string>E7EA451F1342681F00AE337C</string>
			<key>isa</key>
			<string>PBXBuildFile</string>
		</dict>
		<key>E7EA45221342682E00AE337C</key>
		<dict>
			<key>fileEncoding</key>
			<string>4</string>
			<key>isa</key>
			<string>PBXFileReference</string>
			<key>lastKnownFileType</key>
			<string>sourcecode.c.h</string>
			<key>path</key>
			<string>CountDown.h</string>
			<key>sourceTree</key>
			<string>&lt;group&gt;</string>
		</dict>
		<key>E7EA45231342682E00AE337C</key>
		<dict>
			<key>fileEncoding</key>
			<string>4</string>
			<key>isa</key>
			<string>PBXFileReference</string>
			<key>lastKnownFileType</key>
			<string>sourcecode.c.objc</string>
			<key>path</key>
			<string>CountDown.m</string>
			<key>sourceTree</key>
			<string>&lt;group&gt;</string>
		</dict>
		<key>E7EA45241342682E00AE337C</key>
		<dict>
			<key>isa</key>
			<string>PBXFileReference</string>
			<key>lastKnownFileType</key>
			<string>file.xib</string>
			<key>path</key>
			<string>CountDown.xib</string>
			<key>sourceTree</key>
			<string>&lt;group&gt;</string>
		</dict>
		<key>E7EA45251342682E00AE337C</key>
		<dict>
			<key>fileRef</key>
			<string>E7EA45231342682E00AE337C</string>
			<key>isa</key>
			<string>PBXBuildFile</string>
		</dict>
		<key>E7EA45261342682E00AE337C</key>
		<dict>
			<key>fileRef</key>
			<string>E7EA45241342682E00AE337C</string>
			<key>isa</key>
			<string>PBXBuildFile</string>
		</dict>
		<key>E7EA45271342683800AE337C</key>
		<dict>
			<key>fileEncoding</key>
			<string>4</string>
			<key>isa</key>
			<string>PBXFileReference</string>
			<key>lastKnownFileType</key>
			<string>sourcecode.c.h</string>
			<key>path</key>
			<string>Schedule.h</string>
			<key>sourceTree</key>
			<string>&lt;group&gt;</string>
		</dict>
		<key>E7EA45281342683800AE337C</key>
		<dict>
			<key>fileEncoding</key>
			<string>4</string>
			<key>isa</key>
			<string>PBXFileReference</string>
			<key>lastKnownFileType</key>
			<string>sourcecode.c.objc</string>
			<key>path</key>
			<string>Schedule.m</string>
			<key>sourceTree</key>
			<string>&lt;group&gt;</string>
		</dict>
		<key>E7EA45291342683800AE337C</key>
		<dict>
			<key>isa</key>
			<string>PBXFileReference</string>
			<key>lastKnownFileType</key>
			<string>file.xib</string>
			<key>path</key>
			<string>Schedule.xib</string>
			<key>sourceTree</key>
			<string>&lt;group&gt;</string>
		</dict>
		<key>E7EA452A1342683800AE337C</key>
		<dict>
			<key>fileRef</key>
			<string>E7EA45281342683800AE337C</string>
			<key>isa</key>
			<string>PBXBuildFile</string>
		</dict>
		<key>E7EA452B1342683800AE337C</key>
		<dict>
			<key>fileRef</key>
			<string>E7EA45291342683800AE337C</string>
			<key>isa</key>
			<string>PBXBuildFile</string>
		</dict>
		<key>E7EA45311342685200AE337C</key>
		<dict>
			<key>fileEncoding</key>
			<string>4</string>
			<key>isa</key>
			<string>PBXFileReference</string>
			<key>lastKnownFileType</key>
			<string>sourcecode.c.h</string>
			<key>path</key>
			<string>Anthem.h</string>
			<key>sourceTree</key>
			<string>&lt;group&gt;</string>
		</dict>
		<key>E7EA45321342685200AE337C</key>
		<dict>
			<key>fileEncoding</key>
			<string>4</string>
			<key>isa</key>
			<string>PBXFileReference</string>
			<key>lastKnownFileType</key>
			<string>sourcecode.c.objc</string>
			<key>path</key>
			<string>Anthem.m</string>
			<key>sourceTree</key>
			<string>&lt;group&gt;</string>
		</dict>
		<key>E7EA45331342685200AE337C</key>
		<dict>
			<key>isa</key>
			<string>PBXFileReference</string>
			<key>lastKnownFileType</key>
			<string>file.xib</string>
			<key>path</key>
			<string>Anthem.xib</string>
			<key>sourceTree</key>
			<string>&lt;group&gt;</string>
		</dict>
		<key>E7EA45341342685200AE337C</key>
		<dict>
			<key>fileRef</key>
			<string>E7EA45321342685200AE337C</string>
			<key>isa</key>
			<string>PBXBuildFile</string>
		</dict>
		<key>E7EA45351342685200AE337C</key>
		<dict>
			<key>fileRef</key>
			<string>E7EA45331342685200AE337C</string>
			<key>isa</key>
			<string>PBXBuildFile</string>
		</dict>
	</dict>
	<key>rootObject</key>
	<string>29B97313FDCFA39411CA2CEA</string>
</dict>
</plist>
